
Microsoft Visual Studio Solution File, Format Version 12.00
# Visual Studio Version 16
VisualStudioVersion = 16.0.31624.102
MinimumVisualStudioVersion = 10.0.40219.1
Project("{FAE04EC0-301F-11D3-BF4B-00C04F79EFBC}") = "d.ctf.dips.crackme", "ctf.sectalks_bne.crackme\d.ctf.dips.crackme.csproj", "{607604AA-7858-4EC4-A1BF-70EDDDF92459}"
EndProject
Global
	GlobalSection(SolutionConfigurationPlatforms) = preSolution
		Debug|Any CPU = Debug|Any CPU
		Release|Any CPU = Release|Any CPU
	EndGlobalSection
	GlobalSection(ProjectConfigurationPlatforms) = postSolution
		{607604AA-7858-4EC4-A1BF-70EDDDF92459}.Debug|Any CPU.ActiveCfg = Debug|Any CPU
		{607604AA-7858-4EC4-A1BF-70EDDDF92459}.Debug|Any CPU.Build.0 = Debug|Any CPU
		{607604AA-7858-4EC4-A1BF-70EDDDF92459}.Release|Any CPU.ActiveCfg = Release|Any CPU
		{607604AA-7858-4EC4-A1BF-70EDDDF92459}.Release|Any CPU.Build.0 = Release|Any CPU
	EndGlobalSection
	GlobalSection(SolutionProperties) = preSolution
		HideSolutionNode = FALSE
	EndGlobalSection
	GlobalSection(ExtensibilityGlobals) = postSolution
		SolutionGuid = {B7ECE13B-6F22-42DF-8F56-5AF5BA3EA6B9}
	EndGlobalSection
EndGlobal
